// !$*UTF8*$!
{
	archiveVersion = 1;
	classes = {
	};
	objectVersion = 46;
	objects = {

/* Begin PBXBuildFile section */
		4983EA6B1722FCA100482FE5 /* Note.m in Sources */ = {isa = PBXBuildFile; fileRef = 4983EA6A1722FCA100482FE5 /* Note.m */; };
		4983EA741727658000482FE5 /* Crashlytics.framework in Frameworks */ = {isa = PBXBuildFile; fileRef = 4983EA731727658000482FE5 /* Crashlytics.framework */; };
		4983EA761728BE5200482FE5 /* red_q_note.png in Resources */ = {isa = PBXBuildFile; fileRef = 4983EA751728BE5200482FE5 /* red_q_note.png */; };
		4983EA7817297C5700482FE5 /* logo.png in Resources */ = {isa = PBXBuildFile; fileRef = 4983EA7717297C5700482FE5 /* logo.png */; };
		4983EA7A17297D9C00482FE5 /* logo1.png in Resources */ = {isa = PBXBuildFile; fileRef = 4983EA7917297D9C00482FE5 /* logo1.png */; };
		4983EA91173887EB00482FE5 /* Piano.ff.D4.aiff in Resources */ = {isa = PBXBuildFile; fileRef = 4983EA7C173887EB00482FE5 /* Piano.ff.D4.aiff */; };
		4983EA92173887EB00482FE5 /* Piano.ff.Eb4.aiff in Resources */ = {isa = PBXBuildFile; fileRef = 4983EA7D173887EB00482FE5 /* Piano.ff.Eb4.aiff */; };
		4983EA94173887EB00482FE5 /* Piano.ff.A4.aiff in Resources */ = {isa = PBXBuildFile; fileRef = 4983EA7F173887EB00482FE5 /* Piano.ff.A4.aiff */; };
		4983EA95173887EB00482FE5 /* Piano.ff.Db4.aiff in Resources */ = {isa = PBXBuildFile; fileRef = 4983EA80173887EB00482FE5 /* Piano.ff.Db4.aiff */; };
		4983EA96173887EB00482FE5 /* Piano.ff.Gb4.aiff in Resources */ = {isa = PBXBuildFile; fileRef = 4983EA81173887EB00482FE5 /* Piano.ff.Gb4.aiff */; };
		4983EA97173887EB00482FE5 /* Piano.ff.E4.aiff in Resources */ = {isa = PBXBuildFile; fileRef = 4983EA82173887EB00482FE5 /* Piano.ff.E4.aiff */; };
		4983EA98173887EB00482FE5 /* Piano.ff.G4.aiff in Resources */ = {isa = PBXBuildFile; fileRef = 4983EA83173887EB00482FE5 /* Piano.ff.G4.aiff */; };
		4983EA99173887EB00482FE5 /* Piano.ff.Ab4.aiff in Resources */ = {isa = PBXBuildFile; fileRef = 4983EA84173887EB00482FE5 /* Piano.ff.Ab4.aiff */; };
		4983EA9A173887EB00482FE5 /* Piano.ff.F4.aiff in Resources */ = {isa = PBXBuildFile; fileRef = 4983EA85173887EB00482FE5 /* Piano.ff.F4.aiff */; };
		4983EA9B173887EB00482FE5 /* Piano.ff.B4.aiff in Resources */ = {isa = PBXBuildFile; fileRef = 4983EA86173887EB00482FE5 /* Piano.ff.B4.aiff */; };
		4983EA9C173887EB00482FE5 /* Piano.ff.Bb4.aiff in Resources */ = {isa = PBXBuildFile; fileRef = 4983EA87173887EB00482FE5 /* Piano.ff.Bb4.aiff */; };
		4983EA9D173887EB00482FE5 /* Piano.ff.C5.aiff in Resources */ = {isa = PBXBuildFile; fileRef = 4983EA88173887EB00482FE5 /* Piano.ff.C5.aiff */; };
		4983EA9E173887EB00482FE5 /* Piano.ff.D5.aiff in Resources */ = {isa = PBXBuildFile; fileRef = 4983EA89173887EB00482FE5 /* Piano.ff.D5.aiff */; };
		4983EA9F173887EB00482FE5 /* Piano.ff.Db5.aiff in Resources */ = {isa = PBXBuildFile; fileRef = 4983EA8A173887EB00482FE5 /* Piano.ff.Db5.aiff */; };
		4983EAA0173887EB00482FE5 /* Piano.ff.E5.aiff in Resources */ = {isa = PBXBuildFile; fileRef = 4983EA8B173887EB00482FE5 /* Piano.ff.E5.aiff */; };
		4983EAA1173887EB00482FE5 /* Piano.ff.Gb5.aiff in Resources */ = {isa = PBXBuildFile; fileRef = 4983EA8C173887EB00482FE5 /* Piano.ff.Gb5.aiff */; };
		4983EAA2173887EB00482FE5 /* Piano.ff.Eb5.aiff in Resources */ = {isa = PBXBuildFile; fileRef = 4983EA8D173887EB00482FE5 /* Piano.ff.Eb5.aiff */; };
		4983EAA3173887EB00482FE5 /* Piano.ff.F5.aiff in Resources */ = {isa = PBXBuildFile; fileRef = 4983EA8E173887EB00482FE5 /* Piano.ff.F5.aiff */; };
		4983EAA4173887EB00482FE5 /* Piano.ff.G5.aiff in Resources */ = {isa = PBXBuildFile; fileRef = 4983EA8F173887EB00482FE5 /* Piano.ff.G5.aiff */; };
		4983EAA5173887EB00482FE5 /* Piano.ff.C4.aiff in Resources */ = {isa = PBXBuildFile; fileRef = 4983EA90173887EB00482FE5 /* Piano.ff.C4.aiff */; };
		4983EAB917388A1800482FE5 /* Piano.ff.A2.aiff in Resources */ = {isa = PBXBuildFile; fileRef = 4983EAA617388A1800482FE5 /* Piano.ff.A2.aiff */; };
		4983EABA17388A1800482FE5 /* Piano.ff.Eb2.aiff in Resources */ = {isa = PBXBuildFile; fileRef = 4983EAA717388A1800482FE5 /* Piano.ff.Eb2.aiff */; };
		4983EABB17388A1800482FE5 /* Piano.ff.F2.aiff in Resources */ = {isa = PBXBuildFile; fileRef = 4983EAA817388A1800482FE5 /* Piano.ff.F2.aiff */; };
		4983EABC17388A1800482FE5 /* Piano.ff.Ab2.aiff in Resources */ = {isa = PBXBuildFile; fileRef = 4983EAA917388A1800482FE5 /* Piano.ff.Ab2.aiff */; };
		4983EABD17388A1800482FE5 /* Piano.ff.G2.aiff in Resources */ = {isa = PBXBuildFile; fileRef = 4983EAAA17388A1800482FE5 /* Piano.ff.G2.aiff */; };
		4983EABE17388A1800482FE5 /* Piano.ff.Gb2.aiff in Resources */ = {isa = PBXBuildFile; fileRef = 4983EAAB17388A1800482FE5 /* Piano.ff.Gb2.aiff */; };
		4983EABF17388A1800482FE5 /* Piano.ff.B2.aiff in Resources */ = {isa = PBXBuildFile; fileRef = 4983EAAC17388A1800482FE5 /* Piano.ff.B2.aiff */; };
		4983EAC017388A1800482FE5 /* Piano.ff.Bb2.aiff in Resources */ = {isa = PBXBuildFile; fileRef = 4983EAAD17388A1800482FE5 /* Piano.ff.Bb2.aiff */; };
		4983EAC117388A1800482FE5 /* Piano.ff.C3.aiff in Resources */ = {isa = PBXBuildFile; fileRef = 4983EAAE17388A1800482FE5 /* Piano.ff.C3.aiff */; };
		4983EAC217388A1800482FE5 /* Piano.ff.E3.aiff in Resources */ = {isa = PBXBuildFile; fileRef = 4983EAAF17388A1800482FE5 /* Piano.ff.E3.aiff */; };
		4983EAC317388A1800482FE5 /* Piano.ff.D3.aiff in Resources */ = {isa = PBXBuildFile; fileRef = 4983EAB017388A1800482FE5 /* Piano.ff.D3.aiff */; };
		4983EAC417388A1800482FE5 /* Piano.ff.Gb3.aiff in Resources */ = {isa = PBXBuildFile; fileRef = 4983EAB117388A1800482FE5 /* Piano.ff.Gb3.aiff */; };
		4983EAC517388A1800482FE5 /* Piano.ff.Eb3.aiff in Resources */ = {isa = PBXBuildFile; fileRef = 4983EAB217388A1800482FE5 /* Piano.ff.Eb3.aiff */; };
		4983EAC617388A1800482FE5 /* Piano.ff.F3.aiff in Resources */ = {isa = PBXBuildFile; fileRef = 4983EAB317388A1800482FE5 /* Piano.ff.F3.aiff */; };
		4983EAC717388A1800482FE5 /* Piano.ff.Ab3.aiff in Resources */ = {isa = PBXBuildFile; fileRef = 4983EAB417388A1800482FE5 /* Piano.ff.Ab3.aiff */; };
		4983EAC817388A1800482FE5 /* Piano.ff.G3.aiff in Resources */ = {isa = PBXBuildFile; fileRef = 4983EAB517388A1800482FE5 /* Piano.ff.G3.aiff */; };
		4983EAC917388A1800482FE5 /* Piano.ff.B3.aiff in Resources */ = {isa = PBXBuildFile; fileRef = 4983EAB617388A1800482FE5 /* Piano.ff.B3.aiff */; };
		4983EACA17388A1800482FE5 /* Piano.ff.A3.aiff in Resources */ = {isa = PBXBuildFile; fileRef = 4983EAB717388A1800482FE5 /* Piano.ff.A3.aiff */; };
		4983EACB17388A1800482FE5 /* Piano.ff.Bb3.aiff in Resources */ = {isa = PBXBuildFile; fileRef = 4983EAB817388A1800482FE5 /* Piano.ff.Bb3.aiff */; };
		4983EACD17388A8A00482FE5 /* Piano.ff.E2.aiff in Resources */ = {isa = PBXBuildFile; fileRef = 4983EACC17388A8A00482FE5 /* Piano.ff.E2.aiff */; };
		4983EACF17388B8400482FE5 /* Piano.ff.Db3.aiff in Resources */ = {isa = PBXBuildFile; fileRef = 4983EACE17388B8400482FE5 /* Piano.ff.Db3.aiff */; };
		4983EAD11738964000482FE5 /* AVFoundation.framework in Frameworks */ = {isa = PBXBuildFile; fileRef = 4983EAD01738964000482FE5 /* AVFoundation.framework */; };
		498DDB431739440E007C2231 /* HarmonyPlayer.m in Sources */ = {isa = PBXBuildFile; fileRef = 498DDB421739440E007C2231 /* HarmonyPlayer.m */; };
		498DDB4517394AE0007C2231 /* AudioToolbox.framework in Frameworks */ = {isa = PBXBuildFile; fileRef = 498DDB4417394AE0007C2231 /* AudioToolbox.framework */; };
		498DDB4F17398326007C2231 /* icon.png in Resources */ = {isa = PBXBuildFile; fileRef = 498DDB4E17398326007C2231 /* icon.png */; };
		498DDB5117399E8E007C2231 /* down_q_note.png in Resources */ = {isa = PBXBuildFile; fileRef = 498DDB5017399E8E007C2231 /* down_q_note.png */; };
		498DDB551739A464007C2231 /* red_down_q_note.png in Resources */ = {isa = PBXBuildFile; fileRef = 498DDB541739A464007C2231 /* red_down_q_note.png */; };
		498DDB571739ADAF007C2231 /* red_down_q_note_sharp.png in Resources */ = {isa = PBXBuildFile; fileRef = 498DDB561739ADAF007C2231 /* red_down_q_note_sharp.png */; };
		498DDB591739AE0C007C2231 /* down_q_note_sharp.png in Resources */ = {isa = PBXBuildFile; fileRef = 498DDB581739AE0C007C2231 /* down_q_note_sharp.png */; };
		498DDB5B1739B17A007C2231 /* red_q_note_sharp.png in Resources */ = {isa = PBXBuildFile; fileRef = 498DDB5A1739B17A007C2231 /* red_q_note_sharp.png */; };
		498DDB5D1739B1B0007C2231 /* q_note_sharp.png in Resources */ = {isa = PBXBuildFile; fileRef = 498DDB5C1739B1B0007C2231 /* q_note_sharp.png */; };
		498DDB5F1739B501007C2231 /* QuartzCore.framework in Frameworks */ = {isa = PBXBuildFile; fileRef = 498DDB5E1739B500007C2231 /* QuartzCore.framework */; };
		499735D517175FDB001E9178 /* q_note.png in Resources */ = {isa = PBXBuildFile; fileRef = 499735D417175FDB001E9178 /* q_note.png */; };
		7179403C170B148800810BA0 /* UIKit.framework in Frameworks */ = {isa = PBXBuildFile; fileRef = 7179403B170B148800810BA0 /* UIKit.framework */; };
		7179403E170B148800810BA0 /* Foundation.framework in Frameworks */ = {isa = PBXBuildFile; fileRef = 7179403D170B148800810BA0 /* Foundation.framework */; };
		71794040170B148800810BA0 /* CoreGraphics.framework in Frameworks */ = {isa = PBXBuildFile; fileRef = 7179403F170B148800810BA0 /* CoreGraphics.framework */; };
		71794046170B148800810BA0 /* InfoPlist.strings in Resources */ = {isa = PBXBuildFile; fileRef = 71794044170B148800810BA0 /* InfoPlist.strings */; };
		71794048170B148800810BA0 /* main.m in Sources */ = {isa = PBXBuildFile; fileRef = 71794047170B148800810BA0 /* main.m */; };
		7179404C170B148800810BA0 /* AppDelegate.m in Sources */ = {isa = PBXBuildFile; fileRef = 7179404B170B148800810BA0 /* AppDelegate.m */; };
		7179404E170B148800810BA0 /* Default.png in Resources */ = {isa = PBXBuildFile; fileRef = 7179404D170B148800810BA0 /* Default.png */; };
		71794050170B148800810BA0 /* Default@2x.png in Resources */ = {isa = PBXBuildFile; fileRef = 7179404F170B148800810BA0 /* Default@2x.png */; };
		71794052170B148800810BA0 /* Default-568h@2x.png in Resources */ = {isa = PBXBuildFile; fileRef = 71794051170B148800810BA0 /* Default-568h@2x.png */; };
		71794055170B148800810BA0 /* ViewController.m in Sources */ = {isa = PBXBuildFile; fileRef = 71794054170B148800810BA0 /* ViewController.m */; };
		71794058170B148800810BA0 /* ViewController_iPhone.xib in Resources */ = {isa = PBXBuildFile; fileRef = 71794056170B148800810BA0 /* ViewController_iPhone.xib */; };
		7179405B170B148800810BA0 /* ViewController_iPad.xib in Resources */ = {isa = PBXBuildFile; fileRef = 71794059170B148800810BA0 /* ViewController_iPad.xib */; };
		71794063170B148900810BA0 /* SenTestingKit.framework in Frameworks */ = {isa = PBXBuildFile; fileRef = 71794062170B148900810BA0 /* SenTestingKit.framework */; };
		71794064170B148900810BA0 /* UIKit.framework in Frameworks */ = {isa = PBXBuildFile; fileRef = 7179403B170B148800810BA0 /* UIKit.framework */; };
		71794065170B148900810BA0 /* Foundation.framework in Frameworks */ = {isa = PBXBuildFile; fileRef = 7179403D170B148800810BA0 /* Foundation.framework */; };
		7179406D170B148900810BA0 /* InfoPlist.strings in Resources */ = {isa = PBXBuildFile; fileRef = 7179406B170B148900810BA0 /* InfoPlist.strings */; };
		71794070170B148900810BA0 /* Four_Part_CheckerTests.m in Sources */ = {isa = PBXBuildFile; fileRef = 7179406F170B148900810BA0 /* Four_Part_CheckerTests.m */; };
		7179407E170B289500810BA0 /* StaffView.m in Sources */ = {isa = PBXBuildFile; fileRef = 7179407D170B289500810BA0 /* StaffView.m */; };
		71794080170B2C6600810BA0 /* sloth.png in Resources */ = {isa = PBXBuildFile; fileRef = 7179407F170B2C6600810BA0 /* sloth.png */; };
		71794082170B814500810BA0 /* musicstaff.png in Resources */ = {isa = PBXBuildFile; fileRef = 71794081170B814500810BA0 /* musicstaff.png */; };
		71794084170B834400810BA0 /* staff.png in Resources */ = {isa = PBXBuildFile; fileRef = 71794083170B834400810BA0 /* staff.png */; };
		71C55F61170E25C100D090BB /* staff2.png in Resources */ = {isa = PBXBuildFile; fileRef = 71C55F60170E25C100D090BB /* staff2.png */; };
		71CCB420170DFA6C0024D74D /* StaffData.m in Sources */ = {isa = PBXBuildFile; fileRef = 71CCB41F170DFA6C0024D74D /* StaffData.m */; };
		71CCB423170DFAD30024D74D /* ChordData.m in Sources */ = {isa = PBXBuildFile; fileRef = 71CCB422170DFAD30024D74D /* ChordData.m */; };
/* End PBXBuildFile section */

/* Begin PBXContainerItemProxy section */
		71794066170B148900810BA0 /* PBXContainerItemProxy */ = {
			isa = PBXContainerItemProxy;
			containerPortal = 71794030170B148800810BA0 /* Project object */;
			proxyType = 1;
			remoteGlobalIDString = 71794037170B148800810BA0;
			remoteInfo = "Four Part Checker";
		};
/* End PBXContainerItemProxy section */

/* Begin PBXFileReference section */
		4983EA691722FCA100482FE5 /* Note.h */ = {isa = PBXFileReference; fileEncoding = 4; lastKnownFileType = sourcecode.c.h; path = Note.h; sourceTree = "<group>"; };
		4983EA6A1722FCA100482FE5 /* Note.m */ = {isa = PBXFileReference; fileEncoding = 4; lastKnownFileType = sourcecode.c.objc; path = Note.m; sourceTree = "<group>"; };
		4983EA731727658000482FE5 /* Crashlytics.framework */ = {isa = PBXFileReference; lastKnownFileType = wrapper.framework; path = Crashlytics.framework; sourceTree = "<group>"; };
		4983EA751728BE5200482FE5 /* red_q_note.png */ = {isa = PBXFileReference; lastKnownFileType = image.png; path = red_q_note.png; sourceTree = "<group>"; };
		4983EA7717297C5700482FE5 /* logo.png */ = {isa = PBXFileReference; lastKnownFileType = image.png; path = logo.png; sourceTree = "<group>"; };
		4983EA7917297D9C00482FE5 /* logo1.png */ = {isa = PBXFileReference; lastKnownFileType = image.png; path = logo1.png; sourceTree = "<group>"; };
		4983EA7C173887EB00482FE5 /* Piano.ff.D4.aiff */ = {isa = PBXFileReference; lastKnownFileType = audio.aiff; path = Piano.ff.D4.aiff; sourceTree = "<group>"; };
		4983EA7D173887EB00482FE5 /* Piano.ff.Eb4.aiff */ = {isa = PBXFileReference; lastKnownFileType = audio.aiff; path = Piano.ff.Eb4.aiff; sourceTree = "<group>"; };
		4983EA7F173887EB00482FE5 /* Piano.ff.A4.aiff */ = {isa = PBXFileReference; lastKnownFileType = audio.aiff; path = Piano.ff.A4.aiff; sourceTree = "<group>"; };
		4983EA80173887EB00482FE5 /* Piano.ff.Db4.aiff */ = {isa = PBXFileReference; lastKnownFileType = audio.aiff; path = Piano.ff.Db4.aiff; sourceTree = "<group>"; };
		4983EA81173887EB00482FE5 /* Piano.ff.Gb4.aiff */ = {isa = PBXFileReference; lastKnownFileType = audio.aiff; path = Piano.ff.Gb4.aiff; sourceTree = "<group>"; };
		4983EA82173887EB00482FE5 /* Piano.ff.E4.aiff */ = {isa = PBXFileReference; lastKnownFileType = audio.aiff; path = Piano.ff.E4.aiff; sourceTree = "<group>"; };
		4983EA83173887EB00482FE5 /* Piano.ff.G4.aiff */ = {isa = PBXFileReference; lastKnownFileType = audio.aiff; path = Piano.ff.G4.aiff; sourceTree = "<group>"; };
		4983EA84173887EB00482FE5 /* Piano.ff.Ab4.aiff */ = {isa = PBXFileReference; lastKnownFileType = audio.aiff; path = Piano.ff.Ab4.aiff; sourceTree = "<group>"; };
		4983EA85173887EB00482FE5 /* Piano.ff.F4.aiff */ = {isa = PBXFileReference; lastKnownFileType = audio.aiff; path = Piano.ff.F4.aiff; sourceTree = "<group>"; };
		4983EA86173887EB00482FE5 /* Piano.ff.B4.aiff */ = {isa = PBXFileReference; lastKnownFileType = audio.aiff; path = Piano.ff.B4.aiff; sourceTree = "<group>"; };
		4983EA87173887EB00482FE5 /* Piano.ff.Bb4.aiff */ = {isa = PBXFileReference; lastKnownFileType = audio.aiff; path = Piano.ff.Bb4.aiff; sourceTree = "<group>"; };
		4983EA88173887EB00482FE5 /* Piano.ff.C5.aiff */ = {isa = PBXFileReference; lastKnownFileType = audio.aiff; path = Piano.ff.C5.aiff; sourceTree = "<group>"; };
		4983EA89173887EB00482FE5 /* Piano.ff.D5.aiff */ = {isa = PBXFileReference; lastKnownFileType = audio.aiff; path = Piano.ff.D5.aiff; sourceTree = "<group>"; };
		4983EA8A173887EB00482FE5 /* Piano.ff.Db5.aiff */ = {isa = PBXFileReference; lastKnownFileType = audio.aiff; path = Piano.ff.Db5.aiff; sourceTree = "<group>"; };
		4983EA8B173887EB00482FE5 /* Piano.ff.E5.aiff */ = {isa = PBXFileReference; lastKnownFileType = audio.aiff; path = Piano.ff.E5.aiff; sourceTree = "<group>"; };
		4983EA8C173887EB00482FE5 /* Piano.ff.Gb5.aiff */ = {isa = PBXFileReference; lastKnownFileType = audio.aiff; path = Piano.ff.Gb5.aiff; sourceTree = "<group>"; };
		4983EA8D173887EB00482FE5 /* Piano.ff.Eb5.aiff */ = {isa = PBXFileReference; lastKnownFileType = audio.aiff; path = Piano.ff.Eb5.aiff; sourceTree = "<group>"; };
		4983EA8E173887EB00482FE5 /* Piano.ff.F5.aiff */ = {isa = PBXFileReference; lastKnownFileType = audio.aiff; path = Piano.ff.F5.aiff; sourceTree = "<group>"; };
		4983EA8F173887EB00482FE5 /* Piano.ff.G5.aiff */ = {isa = PBXFileReference; lastKnownFileType = audio.aiff; path = Piano.ff.G5.aiff; sourceTree = "<group>"; };
		4983EA90173887EB00482FE5 /* Piano.ff.C4.aiff */ = {isa = PBXFileReference; lastKnownFileType = audio.aiff; path = Piano.ff.C4.aiff; sourceTree = "<group>"; };
		4983EAA617388A1800482FE5 /* Piano.ff.A2.aiff */ = {isa = PBXFileReference; lastKnownFileType = audio.aiff; path = Piano.ff.A2.aiff; sourceTree = "<group>"; };
		4983EAA717388A1800482FE5 /* Piano.ff.Eb2.aiff */ = {isa = PBXFileReference; lastKnownFileType = audio.aiff; path = Piano.ff.Eb2.aiff; sourceTree = "<group>"; };
		4983EAA817388A1800482FE5 /* Piano.ff.F2.aiff */ = {isa = PBXFileReference; lastKnownFileType = audio.aiff; path = Piano.ff.F2.aiff; sourceTree = "<group>"; };
		4983EAA917388A1800482FE5 /* Piano.ff.Ab2.aiff */ = {isa = PBXFileReference; lastKnownFileType = audio.aiff; path = Piano.ff.Ab2.aiff; sourceTree = "<group>"; };
		4983EAAA17388A1800482FE5 /* Piano.ff.G2.aiff */ = {isa = PBXFileReference; lastKnownFileType = audio.aiff; path = Piano.ff.G2.aiff; sourceTree = "<group>"; };
		4983EAAB17388A1800482FE5 /* Piano.ff.Gb2.aiff */ = {isa = PBXFileReference; lastKnownFileType = audio.aiff; path = Piano.ff.Gb2.aiff; sourceTree = "<group>"; };
		4983EAAC17388A1800482FE5 /* Piano.ff.B2.aiff */ = {isa = PBXFileReference; lastKnownFileType = audio.aiff; path = Piano.ff.B2.aiff; sourceTree = "<group>"; };
		4983EAAD17388A1800482FE5 /* Piano.ff.Bb2.aiff */ = {isa = PBXFileReference; lastKnownFileType = audio.aiff; path = Piano.ff.Bb2.aiff; sourceTree = "<group>"; };
		4983EAAE17388A1800482FE5 /* Piano.ff.C3.aiff */ = {isa = PBXFileReference; lastKnownFileType = audio.aiff; path = Piano.ff.C3.aiff; sourceTree = "<group>"; };
		4983EAAF17388A1800482FE5 /* Piano.ff.E3.aiff */ = {isa = PBXFileReference; lastKnownFileType = audio.aiff; path = Piano.ff.E3.aiff; sourceTree = "<group>"; };
		4983EAB017388A1800482FE5 /* Piano.ff.D3.aiff */ = {isa = PBXFileReference; lastKnownFileType = audio.aiff; path = Piano.ff.D3.aiff; sourceTree = "<group>"; };
		4983EAB117388A1800482FE5 /* Piano.ff.Gb3.aiff */ = {isa = PBXFileReference; lastKnownFileType = audio.aiff; path = Piano.ff.Gb3.aiff; sourceTree = "<group>"; };
		4983EAB217388A1800482FE5 /* Piano.ff.Eb3.aiff */ = {isa = PBXFileReference; lastKnownFileType = audio.aiff; path = Piano.ff.Eb3.aiff; sourceTree = "<group>"; };
		4983EAB317388A1800482FE5 /* Piano.ff.F3.aiff */ = {isa = PBXFileReference; lastKnownFileType = audio.aiff; path = Piano.ff.F3.aiff; sourceTree = "<group>"; };
		4983EAB417388A1800482FE5 /* Piano.ff.Ab3.aiff */ = {isa = PBXFileReference; lastKnownFileType = audio.aiff; path = Piano.ff.Ab3.aiff; sourceTree = "<group>"; };
		4983EAB517388A1800482FE5 /* Piano.ff.G3.aiff */ = {isa = PBXFileReference; lastKnownFileType = audio.aiff; path = Piano.ff.G3.aiff; sourceTree = "<group>"; };
		4983EAB617388A1800482FE5 /* Piano.ff.B3.aiff */ = {isa = PBXFileReference; lastKnownFileType = audio.aiff; path = Piano.ff.B3.aiff; sourceTree = "<group>"; };
		4983EAB717388A1800482FE5 /* Piano.ff.A3.aiff */ = {isa = PBXFileReference; lastKnownFileType = audio.aiff; path = Piano.ff.A3.aiff; sourceTree = "<group>"; };
		4983EAB817388A1800482FE5 /* Piano.ff.Bb3.aiff */ = {isa = PBXFileReference; lastKnownFileType = audio.aiff; path = Piano.ff.Bb3.aiff; sourceTree = "<group>"; };
		4983EACC17388A8A00482FE5 /* Piano.ff.E2.aiff */ = {isa = PBXFileReference; lastKnownFileType = audio.aiff; path = Piano.ff.E2.aiff; sourceTree = "<group>"; };
		4983EACE17388B8400482FE5 /* Piano.ff.Db3.aiff */ = {isa = PBXFileReference; lastKnownFileType = audio.aiff; path = Piano.ff.Db3.aiff; sourceTree = "<group>"; };
		4983EAD01738964000482FE5 /* AVFoundation.framework */ = {isa = PBXFileReference; lastKnownFileType = wrapper.framework; name = AVFoundation.framework; path = System/Library/Frameworks/AVFoundation.framework; sourceTree = SDKROOT; };
		498DDB411739440E007C2231 /* HarmonyPlayer.h */ = {isa = PBXFileReference; fileEncoding = 4; lastKnownFileType = sourcecode.c.h; path = HarmonyPlayer.h; sourceTree = "<group>"; };
		498DDB421739440E007C2231 /* HarmonyPlayer.m */ = {isa = PBXFileReference; fileEncoding = 4; lastKnownFileType = sourcecode.c.objc; path = HarmonyPlayer.m; sourceTree = "<group>"; };
		498DDB4417394AE0007C2231 /* AudioToolbox.framework */ = {isa = PBXFileReference; lastKnownFileType = wrapper.framework; name = AudioToolbox.framework; path = System/Library/Frameworks/AudioToolbox.framework; sourceTree = SDKROOT; };
		498DDB4E17398326007C2231 /* icon.png */ = {isa = PBXFileReference; lastKnownFileType = image.png; path = icon.png; sourceTree = "<group>"; };
		498DDB5017399E8E007C2231 /* down_q_note.png */ = {isa = PBXFileReference; lastKnownFileType = image.png; path = down_q_note.png; sourceTree = "<group>"; };
		498DDB541739A464007C2231 /* red_down_q_note.png */ = {isa = PBXFileReference; lastKnownFileType = image.png; path = red_down_q_note.png; sourceTree = "<group>"; };
		498DDB561739ADAF007C2231 /* red_down_q_note_sharp.png */ = {isa = PBXFileReference; lastKnownFileType = image.png; path = red_down_q_note_sharp.png; sourceTree = "<group>"; };
		498DDB581739AE0C007C2231 /* down_q_note_sharp.png */ = {isa = PBXFileReference; lastKnownFileType = image.png; path = down_q_note_sharp.png; sourceTree = "<group>"; };
		498DDB5A1739B17A007C2231 /* red_q_note_sharp.png */ = {isa = PBXFileReference; lastKnownFileType = image.png; path = red_q_note_sharp.png; sourceTree = "<group>"; };
		498DDB5C1739B1B0007C2231 /* q_note_sharp.png */ = {isa = PBXFileReference; lastKnownFileType = image.png; path = q_note_sharp.png; sourceTree = "<group>"; };
		498DDB5E1739B500007C2231 /* QuartzCore.framework */ = {isa = PBXFileReference; lastKnownFileType = wrapper.framework; name = QuartzCore.framework; path = System/Library/Frameworks/QuartzCore.framework; sourceTree = SDKROOT; };
		499735D417175FDB001E9178 /* q_note.png */ = {isa = PBXFileReference; lastKnownFileType = image.png; path = q_note.png; sourceTree = "<group>"; };
		71794038170B148800810BA0 /* Well Toned.app */ = {isa = PBXFileReference; explicitFileType = wrapper.application; includeInIndex = 0; path = "Well Toned.app"; sourceTree = BUILT_PRODUCTS_DIR; };
		7179403B170B148800810BA0 /* UIKit.framework */ = {isa = PBXFileReference; lastKnownFileType = wrapper.framework; name = UIKit.framework; path = System/Library/Frameworks/UIKit.framework; sourceTree = SDKROOT; };
		7179403D170B148800810BA0 /* Foundation.framework */ = {isa = PBXFileReference; lastKnownFileType = wrapper.framework; name = Foundation.framework; path = System/Library/Frameworks/Foundation.framework; sourceTree = SDKROOT; };
		7179403F170B148800810BA0 /* CoreGraphics.framework */ = {isa = PBXFileReference; lastKnownFileType = wrapper.framework; name = CoreGraphics.framework; path = System/Library/Frameworks/CoreGraphics.framework; sourceTree = SDKROOT; };
		71794043170B148800810BA0 /* Four Part Checker-Info.plist */ = {isa = PBXFileReference; lastKnownFileType = text.plist.xml; path = "Four Part Checker-Info.plist"; sourceTree = "<group>"; };
		71794045170B148800810BA0 /* en */ = {isa = PBXFileReference; lastKnownFileType = text.plist.strings; name = en; path = en.lproj/InfoPlist.strings; sourceTree = "<group>"; };
		71794047170B148800810BA0 /* main.m */ = {isa = PBXFileReference; lastKnownFileType = sourcecode.c.objc; path = main.m; sourceTree = "<group>"; };
		71794049170B148800810BA0 /* Four Part Checker-Prefix.pch */ = {isa = PBXFileReference; lastKnownFileType = sourcecode.c.h; path = "Four Part Checker-Prefix.pch"; sourceTree = "<group>"; };
		7179404A170B148800810BA0 /* AppDelegate.h */ = {isa = PBXFileReference; lastKnownFileType = sourcecode.c.h; path = AppDelegate.h; sourceTree = "<group>"; };
		7179404B170B148800810BA0 /* AppDelegate.m */ = {isa = PBXFileReference; lastKnownFileType = sourcecode.c.objc; path = AppDelegate.m; sourceTree = "<group>"; };
		7179404D170B148800810BA0 /* Default.png */ = {isa = PBXFileReference; lastKnownFileType = image.png; path = Default.png; sourceTree = "<group>"; };
		7179404F170B148800810BA0 /* Default@2x.png */ = {isa = PBXFileReference; lastKnownFileType = image.png; path = "Default@2x.png"; sourceTree = "<group>"; };
		71794051170B148800810BA0 /* Default-568h@2x.png */ = {isa = PBXFileReference; lastKnownFileType = image.png; path = "Default-568h@2x.png"; sourceTree = "<group>"; };
		71794053170B148800810BA0 /* ViewController.h */ = {isa = PBXFileReference; lastKnownFileType = sourcecode.c.h; path = ViewController.h; sourceTree = "<group>"; };
		71794054170B148800810BA0 /* ViewController.m */ = {isa = PBXFileReference; lastKnownFileType = sourcecode.c.objc; path = ViewController.m; sourceTree = "<group>"; };
		71794057170B148800810BA0 /* en */ = {isa = PBXFileReference; lastKnownFileType = file.xib; name = en; path = en.lproj/ViewController_iPhone.xib; sourceTree = "<group>"; };
		7179405A170B148800810BA0 /* en */ = {isa = PBXFileReference; lastKnownFileType = file.xib; name = en; path = en.lproj/ViewController_iPad.xib; sourceTree = "<group>"; };
		71794061170B148900810BA0 /* Four Part CheckerTests.octest */ = {isa = PBXFileReference; explicitFileType = wrapper.cfbundle; includeInIndex = 0; path = "Four Part CheckerTests.octest"; sourceTree = BUILT_PRODUCTS_DIR; };
		71794062170B148900810BA0 /* SenTestingKit.framework */ = {isa = PBXFileReference; lastKnownFileType = wrapper.framework; name = SenTestingKit.framework; path = Library/Frameworks/SenTestingKit.framework; sourceTree = DEVELOPER_DIR; };
		7179406A170B148900810BA0 /* Four Part CheckerTests-Info.plist */ = {isa = PBXFileReference; lastKnownFileType = text.plist.xml; path = "Four Part CheckerTests-Info.plist"; sourceTree = "<group>"; };
		7179406C170B148900810BA0 /* en */ = {isa = PBXFileReference; lastKnownFileType = text.plist.strings; name = en; path = en.lproj/InfoPlist.strings; sourceTree = "<group>"; };
		7179406E170B148900810BA0 /* Four_Part_CheckerTests.h */ = {isa = PBXFileReference; lastKnownFileType = sourcecode.c.h; path = Four_Part_CheckerTests.h; sourceTree = "<group>"; };
		7179406F170B148900810BA0 /* Four_Part_CheckerTests.m */ = {isa = PBXFileReference; lastKnownFileType = sourcecode.c.objc; path = Four_Part_CheckerTests.m; sourceTree = "<group>"; };
		7179407C170B289500810BA0 /* StaffView.h */ = {isa = PBXFileReference; fileEncoding = 4; lastKnownFileType = sourcecode.c.h; path = StaffView.h; sourceTree = "<group>"; };
		7179407D170B289500810BA0 /* StaffView.m */ = {isa = PBXFileReference; fileEncoding = 4; lastKnownFileType = sourcecode.c.objc; path = StaffView.m; sourceTree = "<group>"; };
		7179407F170B2C6600810BA0 /* sloth.png */ = {isa = PBXFileReference; lastKnownFileType = image.png; path = sloth.png; sourceTree = "<group>"; };
		71794081170B814500810BA0 /* musicstaff.png */ = {isa = PBXFileReference; lastKnownFileType = image.png; path = musicstaff.png; sourceTree = "<group>"; };
		71794083170B834400810BA0 /* staff.png */ = {isa = PBXFileReference; lastKnownFileType = image.png; path = staff.png; sourceTree = "<group>"; };
		71C55F60170E25C100D090BB /* staff2.png */ = {isa = PBXFileReference; lastKnownFileType = image.png; path = staff2.png; sourceTree = "<group>"; };
		71CCB41E170DFA6C0024D74D /* StaffData.h */ = {isa = PBXFileReference; fileEncoding = 4; lastKnownFileType = sourcecode.c.h; path = StaffData.h; sourceTree = "<group>"; };
		71CCB41F170DFA6C0024D74D /* StaffData.m */ = {isa = PBXFileReference; fileEncoding = 4; lastKnownFileType = sourcecode.c.objc; path = StaffData.m; sourceTree = "<group>"; };
		71CCB421170DFAD30024D74D /* ChordData.h */ = {isa = PBXFileReference; fileEncoding = 4; lastKnownFileType = sourcecode.c.h; path = ChordData.h; sourceTree = "<group>"; };
		71CCB422170DFAD30024D74D /* ChordData.m */ = {isa = PBXFileReference; fileEncoding = 4; lastKnownFileType = sourcecode.c.objc; path = ChordData.m; sourceTree = "<group>"; };
/* End PBXFileReference section */

/* Begin PBXFrameworksBuildPhase section */
		71794035170B148800810BA0 /* Frameworks */ = {
			isa = PBXFrameworksBuildPhase;
			buildActionMask = 2147483647;
			files = (
				498DDB5F1739B501007C2231 /* QuartzCore.framework in Frameworks */,
				498DDB4517394AE0007C2231 /* AudioToolbox.framework in Frameworks */,
				4983EAD11738964000482FE5 /* AVFoundation.framework in Frameworks */,
				7179403C170B148800810BA0 /* UIKit.framework in Frameworks */,
				7179403E170B148800810BA0 /* Foundation.framework in Frameworks */,
				71794040170B148800810BA0 /* CoreGraphics.framework in Frameworks */,
				4983EA741727658000482FE5 /* Crashlytics.framework in Frameworks */,
			);
			runOnlyForDeploymentPostprocessing = 0;
		};
		7179405D170B148900810BA0 /* Frameworks */ = {
			isa = PBXFrameworksBuildPhase;
			buildActionMask = 2147483647;
			files = (
				71794063170B148900810BA0 /* SenTestingKit.framework in Frameworks */,
				71794064170B148900810BA0 /* UIKit.framework in Frameworks */,
				71794065170B148900810BA0 /* Foundation.framework in Frameworks */,
			);
			runOnlyForDeploymentPostprocessing = 0;
		};
/* End PBXFrameworksBuildPhase section */

/* Begin PBXGroup section */
		4983EA7B1738852800482FE5 /* piano */ = {
			isa = PBXGroup;
			children = (
				4983EAA717388A1800482FE5 /* Piano.ff.Eb2.aiff */,
				4983EACC17388A8A00482FE5 /* Piano.ff.E2.aiff */,
				4983EAA817388A1800482FE5 /* Piano.ff.F2.aiff */,
				4983EAAB17388A1800482FE5 /* Piano.ff.Gb2.aiff */,
				4983EAAA17388A1800482FE5 /* Piano.ff.G2.aiff */,
				4983EAA917388A1800482FE5 /* Piano.ff.Ab2.aiff */,
				4983EAA617388A1800482FE5 /* Piano.ff.A2.aiff */,
				4983EAAD17388A1800482FE5 /* Piano.ff.Bb2.aiff */,
				4983EAAC17388A1800482FE5 /* Piano.ff.B2.aiff */,
				4983EAAE17388A1800482FE5 /* Piano.ff.C3.aiff */,
				4983EACE17388B8400482FE5 /* Piano.ff.Db3.aiff */,
				4983EAB017388A1800482FE5 /* Piano.ff.D3.aiff */,
				4983EAB217388A1800482FE5 /* Piano.ff.Eb3.aiff */,
				4983EAAF17388A1800482FE5 /* Piano.ff.E3.aiff */,
				4983EAB317388A1800482FE5 /* Piano.ff.F3.aiff */,
				4983EAB117388A1800482FE5 /* Piano.ff.Gb3.aiff */,
				4983EAB517388A1800482FE5 /* Piano.ff.G3.aiff */,
				4983EAB417388A1800482FE5 /* Piano.ff.Ab3.aiff */,
				4983EAB717388A1800482FE5 /* Piano.ff.A3.aiff */,
				4983EAB817388A1800482FE5 /* Piano.ff.Bb3.aiff */,
				4983EAB617388A1800482FE5 /* Piano.ff.B3.aiff */,
				4983EA90173887EB00482FE5 /* Piano.ff.C4.aiff */,
				4983EA80173887EB00482FE5 /* Piano.ff.Db4.aiff */,
				4983EA7C173887EB00482FE5 /* Piano.ff.D4.aiff */,
				4983EA7D173887EB00482FE5 /* Piano.ff.Eb4.aiff */,
				4983EA82173887EB00482FE5 /* Piano.ff.E4.aiff */,
				4983EA85173887EB00482FE5 /* Piano.ff.F4.aiff */,
				4983EA81173887EB00482FE5 /* Piano.ff.Gb4.aiff */,
				4983EA83173887EB00482FE5 /* Piano.ff.G4.aiff */,
				4983EA84173887EB00482FE5 /* Piano.ff.Ab4.aiff */,
				4983EA7F173887EB00482FE5 /* Piano.ff.A4.aiff */,
				4983EA87173887EB00482FE5 /* Piano.ff.Bb4.aiff */,
				4983EA86173887EB00482FE5 /* Piano.ff.B4.aiff */,
				4983EA88173887EB00482FE5 /* Piano.ff.C5.aiff */,
				4983EA8A173887EB00482FE5 /* Piano.ff.Db5.aiff */,
				4983EA89173887EB00482FE5 /* Piano.ff.D5.aiff */,
				4983EA8D173887EB00482FE5 /* Piano.ff.Eb5.aiff */,
				4983EA8B173887EB00482FE5 /* Piano.ff.E5.aiff */,
				4983EA8E173887EB00482FE5 /* Piano.ff.F5.aiff */,
				4983EA8C173887EB00482FE5 /* Piano.ff.Gb5.aiff */,
				4983EA8F173887EB00482FE5 /* Piano.ff.G5.aiff */,
			);
			name = piano;
			sourceTree = "<group>";
		};
		7179402F170B148800810BA0 = {
			isa = PBXGroup;
			children = (
				498DDB4E17398326007C2231 /* icon.png */,
				71794041170B148800810BA0 /* Four Part Checker */,
				71794068170B148900810BA0 /* Four Part CheckerTests */,
				7179403A170B148800810BA0 /* Frameworks */,
				71794039170B148800810BA0 /* Products */,
			);
			sourceTree = "<group>";
		};
		71794039170B148800810BA0 /* Products */ = {
			isa = PBXGroup;
			children = (
				71794038170B148800810BA0 /* Well Toned.app */,
				71794061170B148900810BA0 /* Four Part CheckerTests.octest */,
			);
			name = Products;
			sourceTree = "<group>";
		};
		7179403A170B148800810BA0 /* Frameworks */ = {
			isa = PBXGroup;
			children = (
				498DDB5E1739B500007C2231 /* QuartzCore.framework */,
				498DDB4417394AE0007C2231 /* AudioToolbox.framework */,
				4983EAD01738964000482FE5 /* AVFoundation.framework */,
				4983EA731727658000482FE5 /* Crashlytics.framework */,
				7179403B170B148800810BA0 /* UIKit.framework */,
				7179403D170B148800810BA0 /* Foundation.framework */,
				7179403F170B148800810BA0 /* CoreGraphics.framework */,
				71794062170B148900810BA0 /* SenTestingKit.framework */,
			);
			name = Frameworks;
			sourceTree = "<group>";
		};
		71794041170B148800810BA0 /* Four Part Checker */ = {
			isa = PBXGroup;
			children = (
				7179404A170B148800810BA0 /* AppDelegate.h */,
				7179404B170B148800810BA0 /* AppDelegate.m */,
				71794053170B148800810BA0 /* ViewController.h */,
				71794054170B148800810BA0 /* ViewController.m */,
				71CCB421170DFAD30024D74D /* ChordData.h */,
				71CCB422170DFAD30024D74D /* ChordData.m */,
				71CCB41E170DFA6C0024D74D /* StaffData.h */,
				71CCB41F170DFA6C0024D74D /* StaffData.m */,
				498DDB411739440E007C2231 /* HarmonyPlayer.h */,
				498DDB421739440E007C2231 /* HarmonyPlayer.m */,
				71794056170B148800810BA0 /* ViewController_iPhone.xib */,
				71794059170B148800810BA0 /* ViewController_iPad.xib */,
				7179407C170B289500810BA0 /* StaffView.h */,
				7179407D170B289500810BA0 /* StaffView.m */,
				4983EA691722FCA100482FE5 /* Note.h */,
				4983EA6A1722FCA100482FE5 /* Note.m */,
				4983EA7717297C5700482FE5 /* logo.png */,
				71794042170B148800810BA0 /* Supporting Files */,
			);
			path = "Four Part Checker";
			sourceTree = "<group>";
		};
		71794042170B148800810BA0 /* Supporting Files */ = {
			isa = PBXGroup;
			children = (
				4983EA7B1738852800482FE5 /* piano */,
				4983EA7917297D9C00482FE5 /* logo1.png */,
				498DDB5017399E8E007C2231 /* down_q_note.png */,
				498DDB581739AE0C007C2231 /* down_q_note_sharp.png */,
				498DDB541739A464007C2231 /* red_down_q_note.png */,
				498DDB561739ADAF007C2231 /* red_down_q_note_sharp.png */,
				498DDB5A1739B17A007C2231 /* red_q_note_sharp.png */,
				4983EA751728BE5200482FE5 /* red_q_note.png */,
				499735D417175FDB001E9178 /* q_note.png */,
				498DDB5C1739B1B0007C2231 /* q_note_sharp.png */,
				71C55F60170E25C100D090BB /* staff2.png */,
				71794043170B148800810BA0 /* Four Part Checker-Info.plist */,
				71794044170B148800810BA0 /* InfoPlist.strings */,
				71794083170B834400810BA0 /* staff.png */,
				71794081170B814500810BA0 /* musicstaff.png */,
				7179407F170B2C6600810BA0 /* sloth.png */,
				71794047170B148800810BA0 /* main.m */,
				71794049170B148800810BA0 /* Four Part Checker-Prefix.pch */,
				7179404D170B148800810BA0 /* Default.png */,
				7179404F170B148800810BA0 /* Default@2x.png */,
				71794051170B148800810BA0 /* Default-568h@2x.png */,
			);
			name = "Supporting Files";
			sourceTree = "<group>";
		};
		71794068170B148900810BA0 /* Four Part CheckerTests */ = {
			isa = PBXGroup;
			children = (
				7179406E170B148900810BA0 /* Four_Part_CheckerTests.h */,
				7179406F170B148900810BA0 /* Four_Part_CheckerTests.m */,
				71794069170B148900810BA0 /* Supporting Files */,
			);
			path = "Four Part CheckerTests";
			sourceTree = "<group>";
		};
		71794069170B148900810BA0 /* Supporting Files */ = {
			isa = PBXGroup;
			children = (
				7179406A170B148900810BA0 /* Four Part CheckerTests-Info.plist */,
				7179406B170B148900810BA0 /* InfoPlist.strings */,
			);
			name = "Supporting Files";
			sourceTree = "<group>";
		};
/* End PBXGroup section */

/* Begin PBXNativeTarget section */
		71794037170B148800810BA0 /* Four Part Checker */ = {
			isa = PBXNativeTarget;
			buildConfigurationList = 71794073170B148900810BA0 /* Build configuration list for PBXNativeTarget "Four Part Checker" */;
			buildPhases = (
				71794034170B148800810BA0 /* Sources */,
				71794035170B148800810BA0 /* Frameworks */,
				71794036170B148800810BA0 /* Resources */,
				4983EA721727654400482FE5 /* ShellScript */,
			);
			buildRules = (
			);
			dependencies = (
			);
			name = "Four Part Checker";
			productName = "Four Part Checker";
			productReference = 71794038170B148800810BA0 /* Well Toned.app */;
			productType = "com.apple.product-type.application";
		};
		71794060170B148900810BA0 /* Four Part CheckerTests */ = {
			isa = PBXNativeTarget;
			buildConfigurationList = 71794076170B148900810BA0 /* Build configuration list for PBXNativeTarget "Four Part CheckerTests" */;
			buildPhases = (
				7179405C170B148900810BA0 /* Sources */,
				7179405D170B148900810BA0 /* Frameworks */,
				7179405E170B148900810BA0 /* Resources */,
				7179405F170B148900810BA0 /* ShellScript */,
			);
			buildRules = (
			);
			dependencies = (
				71794067170B148900810BA0 /* PBXTargetDependency */,
			);
			name = "Four Part CheckerTests";
			productName = "Four Part CheckerTests";
			productReference = 71794061170B148900810BA0 /* Four Part CheckerTests.octest */;
			productType = "com.apple.product-type.bundle";
		};
/* End PBXNativeTarget section */

/* Begin PBXProject section */
		71794030170B148800810BA0 /* Project object */ = {
			isa = PBXProject;
			attributes = {
				LastUpgradeCheck = 0460;
				ORGANIZATIONNAME = "Spencer Meldrum";
			};
			buildConfigurationList = 71794033170B148800810BA0 /* Build configuration list for PBXProject "Four Part Checker" */;
			compatibilityVersion = "Xcode 3.2";
			developmentRegion = English;
			hasScannedForEncodings = 0;
			knownRegions = (
				en,
			);
			mainGroup = 7179402F170B148800810BA0;
			productRefGroup = 71794039170B148800810BA0 /* Products */;
			projectDirPath = "";
			projectRoot = "";
			targets = (
				71794037170B148800810BA0 /* Four Part Checker */,
				71794060170B148900810BA0 /* Four Part CheckerTests */,
			);
		};
/* End PBXProject section */

/* Begin PBXResourcesBuildPhase section */
		71794036170B148800810BA0 /* Resources */ = {
			isa = PBXResourcesBuildPhase;
			buildActionMask = 2147483647;
			files = (
				71794046170B148800810BA0 /* InfoPlist.strings in Resources */,
				7179404E170B148800810BA0 /* Default.png in Resources */,
				71794050170B148800810BA0 /* Default@2x.png in Resources */,
				71794052170B148800810BA0 /* Default-568h@2x.png in Resources */,
				71794058170B148800810BA0 /* ViewController_iPhone.xib in Resources */,
				7179405B170B148800810BA0 /* ViewController_iPad.xib in Resources */,
				71794080170B2C6600810BA0 /* sloth.png in Resources */,
				71794082170B814500810BA0 /* musicstaff.png in Resources */,
				71794084170B834400810BA0 /* staff.png in Resources */,
				71C55F61170E25C100D090BB /* staff2.png in Resources */,
				499735D517175FDB001E9178 /* q_note.png in Resources */,
				4983EA761728BE5200482FE5 /* red_q_note.png in Resources */,
				4983EA7817297C5700482FE5 /* logo.png in Resources */,
				4983EA7A17297D9C00482FE5 /* logo1.png in Resources */,
				4983EA91173887EB00482FE5 /* Piano.ff.D4.aiff in Resources */,
				4983EA92173887EB00482FE5 /* Piano.ff.Eb4.aiff in Resources */,
				4983EA94173887EB00482FE5 /* Piano.ff.A4.aiff in Resources */,
				4983EA95173887EB00482FE5 /* Piano.ff.Db4.aiff in Resources */,
				4983EA96173887EB00482FE5 /* Piano.ff.Gb4.aiff in Resources */,
				4983EA97173887EB00482FE5 /* Piano.ff.E4.aiff in Resources */,
				4983EA98173887EB00482FE5 /* Piano.ff.G4.aiff in Resources */,
				4983EA99173887EB00482FE5 /* Piano.ff.Ab4.aiff in Resources */,
				4983EA9A173887EB00482FE5 /* Piano.ff.F4.aiff in Resources */,
				4983EA9B173887EB00482FE5 /* Piano.ff.B4.aiff in Resources */,
				4983EA9C173887EB00482FE5 /* Piano.ff.Bb4.aiff in Resources */,
				4983EA9D173887EB00482FE5 /* Piano.ff.C5.aiff in Resources */,
				4983EA9E173887EB00482FE5 /* Piano.ff.D5.aiff in Resources */,
				4983EA9F173887EB00482FE5 /* Piano.ff.Db5.aiff in Resources */,
				4983EAA0173887EB00482FE5 /* Piano.ff.E5.aiff in Resources */,
				4983EAA1173887EB00482FE5 /* Piano.ff.Gb5.aiff in Resources */,
				4983EAA2173887EB00482FE5 /* Piano.ff.Eb5.aiff in Resources */,
				4983EAA3173887EB00482FE5 /* Piano.ff.F5.aiff in Resources */,
				4983EAA4173887EB00482FE5 /* Piano.ff.G5.aiff in Resources */,
				4983EAA5173887EB00482FE5 /* Piano.ff.C4.aiff in Resources */,
				4983EAB917388A1800482FE5 /* Piano.ff.A2.aiff in Resources */,
				4983EABA17388A1800482FE5 /* Piano.ff.Eb2.aiff in Resources */,
				4983EABB17388A1800482FE5 /* Piano.ff.F2.aiff in Resources */,
				4983EABC17388A1800482FE5 /* Piano.ff.Ab2.aiff in Resources */,
				4983EABD17388A1800482FE5 /* Piano.ff.G2.aiff in Resources */,
				4983EABE17388A1800482FE5 /* Piano.ff.Gb2.aiff in Resources */,
				4983EABF17388A1800482FE5 /* Piano.ff.B2.aiff in Resources */,
				4983EAC017388A1800482FE5 /* Piano.ff.Bb2.aiff in Resources */,
				4983EAC117388A1800482FE5 /* Piano.ff.C3.aiff in Resources */,
				4983EAC217388A1800482FE5 /* Piano.ff.E3.aiff in Resources */,
				4983EAC317388A1800482FE5 /* Piano.ff.D3.aiff in Resources */,
				4983EAC417388A1800482FE5 /* Piano.ff.Gb3.aiff in Resources */,
				4983EAC517388A1800482FE5 /* Piano.ff.Eb3.aiff in Resources */,
				4983EAC617388A1800482FE5 /* Piano.ff.F3.aiff in Resources */,
				4983EAC717388A1800482FE5 /* Piano.ff.Ab3.aiff in Resources */,
				4983EAC817388A1800482FE5 /* Piano.ff.G3.aiff in Resources */,
				4983EAC917388A1800482FE5 /* Piano.ff.B3.aiff in Resources */,
				4983EACA17388A1800482FE5 /* Piano.ff.A3.aiff in Resources */,
				4983EACB17388A1800482FE5 /* Piano.ff.Bb3.aiff in Resources */,
				4983EACD17388A8A00482FE5 /* Piano.ff.E2.aiff in Resources */,
				4983EACF17388B8400482FE5 /* Piano.ff.Db3.aiff in Resources */,
				498DDB4F17398326007C2231 /* icon.png in Resources */,
				498DDB5117399E8E007C2231 /* down_q_note.png in Resources */,
				498DDB551739A464007C2231 /* red_down_q_note.png in Resources */,
				498DDB571739ADAF007C2231 /* red_down_q_note_sharp.png in Resources */,
				498DDB591739AE0C007C2231 /* down_q_note_sharp.png in Resources */,
				498DDB5B1739B17A007C2231 /* red_q_note_sharp.png in Resources */,
				498DDB5D1739B1B0007C2231 /* q_note_sharp.png in Resources */,
			);
			runOnlyForDeploymentPostprocessing = 0;
		};
		7179405E170B148900810BA0 /* Resources */ = {
			isa = PBXResourcesBuildPhase;
			buildActionMask = 2147483647;
			files = (
				7179406D170B148900810BA0 /* InfoPlist.strings in Resources */,
			);
			runOnlyForDeploymentPostprocessing = 0;
		};
/* End PBXResourcesBuildPhase section */

/* Begin PBXShellScriptBuildPhase section */
		4983EA721727654400482FE5 /* ShellScript */ = {
			isa = PBXShellScriptBuildPhase;
			buildActionMask = 2147483647;
			files = (
			);
			inputPaths = (
			);
			outputPaths = (
			);
			runOnlyForDeploymentPostprocessing = 0;
			shellPath = /bin/sh;
			shellScript = "./Crashlytics.framework/run 2696b6180c803c2901bd36859ff21f19420506cb";
		};
		7179405F170B148900810BA0 /* ShellScript */ = {
			isa = PBXShellScriptBuildPhase;
			buildActionMask = 2147483647;
			files = (
			);
			inputPaths = (
			);
			outputPaths = (
			);
			runOnlyForDeploymentPostprocessing = 0;
			shellPath = /bin/sh;
			shellScript = "# Run the unit tests in this test bundle.\n\"${SYSTEM_DEVELOPER_DIR}/Tools/RunUnitTests\"\n";
		};
/* End PBXShellScriptBuildPhase section */

/* Begin PBXSourcesBuildPhase section */
		71794034170B148800810BA0 /* Sources */ = {
			isa = PBXSourcesBuildPhase;
			buildActionMask = 2147483647;
			files = (
				71794048170B148800810BA0 /* main.m in Sources */,
				7179404C170B148800810BA0 /* AppDelegate.m in Sources */,
				71794055170B148800810BA0 /* ViewController.m in Sources */,
				7179407E170B289500810BA0 /* StaffView.m in Sources */,
				71CCB420170DFA6C0024D74D /* StaffData.m in Sources */,
				71CCB423170DFAD30024D74D /* ChordData.m in Sources */,
				4983EA6B1722FCA100482FE5 /* Note.m in Sources */,
				498DDB431739440E007C2231 /* HarmonyPlayer.m in Sources */,
			);
			runOnlyForDeploymentPostprocessing = 0;
		};
		7179405C170B148900810BA0 /* Sources */ = {
			isa = PBXSourcesBuildPhase;
			buildActionMask = 2147483647;
			files = (
				71794070170B148900810BA0 /* Four_Part_CheckerTests.m in Sources */,
			);
			runOnlyForDeploymentPostprocessing = 0;
		};
/* End PBXSourcesBuildPhase section */

/* Begin PBXTargetDependency section */
		71794067170B148900810BA0 /* PBXTargetDependency */ = {
			isa = PBXTargetDependency;
			target = 71794037170B148800810BA0 /* Four Part Checker */;
			targetProxy = 71794066170B148900810BA0 /* PBXContainerItemProxy */;
		};
/* End PBXTargetDependency section */

/* Begin PBXVariantGroup section */
		71794044170B148800810BA0 /* InfoPlist.strings */ = {
			isa = PBXVariantGroup;
			children = (
				71794045170B148800810BA0 /* en */,
			);
			name = InfoPlist.strings;
			sourceTree = "<group>";
		};
		71794056170B148800810BA0 /* ViewController_iPhone.xib */ = {
			isa = PBXVariantGroup;
			children = (
				71794057170B148800810BA0 /* en */,
			);
			name = ViewController_iPhone.xib;
			sourceTree = "<group>";
		};
		71794059170B148800810BA0 /* ViewController_iPad.xib */ = {
			isa = PBXVariantGroup;
			children = (
				7179405A170B148800810BA0 /* en */,
			);
			name = ViewController_iPad.xib;
			sourceTree = "<group>";
		};
		7179406B170B148900810BA0 /* InfoPlist.strings */ = {
			isa = PBXVariantGroup;
			children = (
				7179406C170B148900810BA0 /* en */,
			);
			name = InfoPlist.strings;
			sourceTree = "<group>";
		};
/* End PBXVariantGroup section */

/* Begin XCBuildConfiguration section */
		71794071170B148900810BA0 /* Debug */ = {
			isa = XCBuildConfiguration;
			buildSettings = {
				ALWAYS_SEARCH_USER_PATHS = NO;
				CLANG_CXX_LANGUAGE_STANDARD = "gnu++0x";
				CLANG_CXX_LIBRARY = "libc++";
				CLANG_ENABLE_OBJC_ARC = YES;
				CLANG_WARN_CONSTANT_CONVERSION = YES;
				CLANG_WARN_EMPTY_BODY = YES;
				CLANG_WARN_ENUM_CONVERSION = YES;
				CLANG_WARN_INT_CONVERSION = YES;
				CLANG_WARN__DUPLICATE_METHOD_MATCH = YES;
				"CODE_SIGN_IDENTITY[sdk=iphoneos*]" = "iPhone Developer";
				COPY_PHASE_STRIP = NO;
				GCC_C_LANGUAGE_STANDARD = gnu99;
				GCC_DYNAMIC_NO_PIC = NO;
				GCC_OPTIMIZATION_LEVEL = 0;
				GCC_PREPROCESSOR_DEFINITIONS = (
					"DEBUG=1",
					"$(inherited)",
				);
				GCC_SYMBOLS_PRIVATE_EXTERN = NO;
				GCC_WARN_ABOUT_RETURN_TYPE = YES;
				GCC_WARN_UNINITIALIZED_AUTOS = YES;
				GCC_WARN_UNUSED_VARIABLE = YES;
				IPHONEOS_DEPLOYMENT_TARGET = 6.1;
				ONLY_ACTIVE_ARCH = YES;
				SDKROOT = iphoneos;
				TARGETED_DEVICE_FAMILY = "1,2";
			};
			name = Debug;
		};
		71794072170B148900810BA0 /* Release */ = {
			isa = XCBuildConfiguration;
			buildSettings = {
				ALWAYS_SEARCH_USER_PATHS = NO;
				CLANG_CXX_LANGUAGE_STANDARD = "gnu++0x";
				CLANG_CXX_LIBRARY = "libc++";
				CLANG_ENABLE_OBJC_ARC = YES;
				CLANG_WARN_CONSTANT_CONVERSION = YES;
				CLANG_WARN_EMPTY_BODY = YES;
				CLANG_WARN_ENUM_CONVERSION = YES;
				CLANG_WARN_INT_CONVERSION = YES;
				CLANG_WARN__DUPLICATE_METHOD_MATCH = YES;
				"CODE_SIGN_IDENTITY[sdk=iphoneos*]" = "iPhone Developer";
				COPY_PHASE_STRIP = YES;
				GCC_C_LANGUAGE_STANDARD = gnu99;
				GCC_WARN_ABOUT_RETURN_TYPE = YES;
				GCC_WARN_UNINITIALIZED_AUTOS = YES;
				GCC_WARN_UNUSED_VARIABLE = YES;
				IPHONEOS_DEPLOYMENT_TARGET = 6.1;
				OTHER_CFLAGS = "-DNS_BLOCK_ASSERTIONS=1";
				SDKROOT = iphoneos;
				TARGETED_DEVICE_FAMILY = "1,2";
				VALIDATE_PRODUCT = YES;
			};
			name = Release;
		};
		71794074170B148900810BA0 /* Debug */ = {
			isa = XCBuildConfiguration;
			buildSettings = {
				FRAMEWORK_SEARCH_PATHS = (
					"$(inherited)",
					"\"$(SRCROOT)\"",
				);
				GCC_PRECOMPILE_PREFIX_HEADER = YES;
				GCC_PREFIX_HEADER = "Four Part Checker/Four Part Checker-Prefix.pch";
				INFOPLIST_FILE = "Four Part Checker/Four Part Checker-Info.plist";
				PRODUCT_NAME = "Well Toned";
				TARGETED_DEVICE_FAMILY = 2;
				WRAPPER_EXTENSION = app;
			};
			name = Debug;
		};
		71794075170B148900810BA0 /* Release */ = {
			isa = XCBuildConfiguration;
			buildSettings = {
				FRAMEWORK_SEARCH_PATHS = (
					"$(inherited)",
					"\"$(SRCROOT)\"",
				);
				GCC_PRECOMPILE_PREFIX_HEADER = YES;
				GCC_PREFIX_HEADER = "Four Part Checker/Four Part Checker-Prefix.pch";
				INFOPLIST_FILE = "Four Part Checker/Four Part Checker-Info.plist";
				PRODUCT_NAME = "Well Toned";
				TARGETED_DEVICE_FAMILY = 2;
				WRAPPER_EXTENSION = app;
			};
			name = Release;
		};
		71794077170B148900810BA0 /* Debug */ = {
			isa = XCBuildConfiguration;
			buildSettings = {
				BUNDLE_LOADER = "$(BUILT_PRODUCTS_DIR)/Four Part Checker.app/Four Part Checker";
				FRAMEWORK_SEARCH_PATHS = (
					"\"$(SDKROOT)/Developer/Library/Frameworks\"",
					"\"$(DEVELOPER_LIBRARY_DIR)/Frameworks\"",
				);
				GCC_PRECOMPILE_PREFIX_HEADER = YES;
				GCC_PREFIX_HEADER = "Four Part Checker/Four Part Checker-Prefix.pch";
				INFOPLIST_FILE = "Four Part CheckerTests/Four Part CheckerTests-Info.plist";
				PRODUCT_NAME = "$(TARGET_NAME)";
				TEST_HOST = "$(BUNDLE_LOADER)";
				WRAPPER_EXTENSION = octest;
			};
			name = Debug;
		};
		71794078170B148900810BA0 /* Release */ = {
			isa = XCBuildConfiguration;
			buildSettings = {
				BUNDLE_LOADER = "$(BUILT_PRODUCTS_DIR)/Four Part Checker.app/Four Part Checker";
				FRAMEWORK_SEARCH_PATHS = (
					"\"$(SDKROOT)/Developer/Library/Frameworks\"",
					"\"$(DEVELOPER_LIBRARY_DIR)/Frameworks\"",
				);
				GCC_PRECOMPILE_PREFIX_HEADER = YES;
				GCC_PREFIX_HEADER = "Four Part Checker/Four Part Checker-Prefix.pch";
				INFOPLIST_FILE = "Four Part CheckerTests/Four Part CheckerTests-Info.plist";
				PRODUCT_NAME = "$(TARGET_NAME)";
				TEST_HOST = "$(BUNDLE_LOADER)";
				WRAPPER_EXTENSION = octest;
			};
			name = Release;
		};
/* End XCBuildConfiguration section */

/* Begin XCConfigurationList section */
		71794033170B148800810BA0 /* Build configuration list for PBXProject "Four Part Checker" */ = {
			isa = XCConfigurationList;
			buildConfigurations = (
				71794071170B148900810BA0 /* Debug */,
				71794072170B148900810BA0 /* Release */,
			);
			defaultConfigurationIsVisible = 0;
			defaultConfigurationName = Release;
		};
		71794073170B148900810BA0 /* Build configuration list for PBXNativeTarget "Four Part Checker" */ = {
			isa = XCConfigurationList;
			buildConfigurations = (
				71794074170B148900810BA0 /* Debug */,
				71794075170B148900810BA0 /* Release */,
			);
			defaultConfigurationIsVisible = 0;
			defaultConfigurationName = Release;
		};
		71794076170B148900810BA0 /* Build configuration list for PBXNativeTarget "Four Part CheckerTests" */ = {
			isa = XCConfigurationList;
			buildConfigurations = (
				71794077170B148900810BA0 /* Debug */,
				71794078170B148900810BA0 /* Release */,
			);
			defaultConfigurationIsVisible = 0;
			defaultConfigurationName = Release;
		};
/* End XCConfigurationList section */
	};
	rootObject = 71794030170B148800810BA0 /* Project object */;
}
